{
  "lib/forge-std": {
    "rev": "f494b0c2c045dda3df3d761bc82209b9a015c4e7"
  },
  "lib/openzeppelin-contracts": {
    "rev": "9cfdccd35350f7bcc585cf2ede08cd04e7f0ec10"
  },
  "lib/permit2": {
    "rev": "cc56ad0f3439c502c246fc5cfcc3db92bb8b7219"
  },
  "lib/solady": {
    "tag": {
      "name": "v0.1.26",
      "rev": "acd959aa4bd04720d640bf4e6a5c71037510cc4b"
    }
  },
  "lib/universal-router": {
    "tag": {
      "name": "2.0.0",
      "rev": "3663f6db6e2fe121753cd2d899699c2dc75dca86"
    }
  },
  "lib/v4-core": {
    "rev": "5f00c8416c19a7e6a5a5d0539fad30fd124f7b86"
  },
  "lib/v4-periphery": {
    "rev": "9628c36b4f5083d19606e63224e4041fe748edae"
  }
}
